
Microsoft Visual Studio Solution File, Format Version 12.00
# Visual Studio Version 17
VisualStudioVersion = 17.14.36301.6 d17.14
MinimumVisualStudioVersion = 10.0.40219.1
Project("{888888A0-9F3D-457C-B088-3A5042F75D52}") = "FoodT", "FoodT.pyproj", "{15F5A8A5-A6B3-4955-A103-57A4696EB82A}"
EndProject
Global
	GlobalSection(SolutionConfigurationPlatforms) = preSolution
		Debug|Any CPU = Debug|Any CPU
		Release|Any CPU = Release|Any CPU
	EndGlobalSection
	GlobalSection(ProjectConfigurationPlatforms) = postSolution
		{15F5A8A5-A6B3-4955-A103-57A4696EB82A}.Debug|Any CPU.ActiveCfg = Debug|Any CPU
		{15F5A8A5-A6B3-4955-A103-57A4696EB82A}.Release|Any CPU.ActiveCfg = Release|Any CPU
	EndGlobalSection
	GlobalSection(SolutionProperties) = preSolution
		HideSolutionNode = FALSE
	EndGlobalSection
	GlobalSection(ExtensibilityGlobals) = postSolution
		SolutionGuid = {4E97A5AB-C12C-4757-93D8-151D3D255893}
	EndGlobalSection
EndGlobal
